
Microsoft Visual Studio Solution File, Format Version 12.00
# Visual Studio Version 16
VisualStudioVersion = 16.0.31613.86
MinimumVisualStudioVersion = 10.0.40219.1
Project("{FAE04EC0-301F-11D3-BF4B-00C04F79EFBC}") = "_U21475009_HW03_", "_U21475009_HW03_.csproj", "{9135D6B7-8941-45DC-A08E-432A9147C0F2}"
EndProject
Global
	GlobalSection(SolutionConfigurationPlatforms) = preSolution
		Debug|Any CPU = Debug|Any CPU
		Release|Any CPU = Release|Any CPU
	EndGlobalSection
	GlobalSection(ProjectConfigurationPlatforms) = postSolution
		{9135D6B7-8941-45DC-A08E-432A9147C0F2}.Debug|Any CPU.ActiveCfg = Debug|Any CPU
		{9135D6B7-8941-45DC-A08E-432A9147C0F2}.Debug|Any CPU.Build.0 = Debug|Any CPU
		{9135D6B7-8941-45DC-A08E-432A9147C0F2}.Release|Any CPU.ActiveCfg = Release|Any CPU
		{9135D6B7-8941-45DC-A08E-432A9147C0F2}.Release|Any CPU.Build.0 = Release|Any CPU
	EndGlobalSection
	GlobalSection(SolutionProperties) = preSolution
		HideSolutionNode = FALSE
	EndGlobalSection
	GlobalSection(ExtensibilityGlobals) = postSolution
		SolutionGuid = {FAE9B7A3-D9D8-45B7-A7E6-7A7003A2E6EA}
	EndGlobalSection
EndGlobal
